
Microsoft Visual Studio Solution File, Format Version 12.00
# Visual Studio Version 17
VisualStudioVersion = 17.13.35806.99 d17.13
MinimumVisualStudioVersion = 10.0.40219.1
Project("{FAE04EC0-301F-11D3-BF4B-00C04F79EFBC}") = "Practice", "Practice.csproj", "{7AF0494F-EDEA-414A-A276-01466C3B4DE2}"
EndProject
Global
	GlobalSection(SolutionConfigurationPlatforms) = preSolution
		Debug|Any CPU = Debug|Any CPU
		Release|Any CPU = Release|Any CPU
	EndGlobalSection
	GlobalSection(ProjectConfigurationPlatforms) = postSolution
		{7AF0494F-EDEA-414A-A276-01466C3B4DE2}.Debug|Any CPU.ActiveCfg = Debug|Any CPU
		{7AF0494F-EDEA-414A-A276-01466C3B4DE2}.Debug|Any CPU.Build.0 = Debug|Any CPU
		{7AF0494F-EDEA-414A-A276-01466C3B4DE2}.Release|Any CPU.ActiveCfg = Release|Any CPU
		{7AF0494F-EDEA-414A-A276-01466C3B4DE2}.Release|Any CPU.Build.0 = Release|Any CPU
	EndGlobalSection
	GlobalSection(SolutionProperties) = preSolution
		HideSolutionNode = FALSE
	EndGlobalSection
	GlobalSection(ExtensibilityGlobals) = postSolution
		SolutionGuid = {744D9F06-FD72-4849-865C-8FE2C1256EE6}
	EndGlobalSection
EndGlobal
