
Microsoft Visual Studio Solution File, Format Version 12.00
# Visual Studio Version 17
VisualStudioVersion = 17.13.35806.99 d17.13
MinimumVisualStudioVersion = 10.0.40219.1
Project("{FAE04EC0-301F-11D3-BF4B-00C04F79EFBC}") = "Practice_questions", "Practice_questions.csproj", "{EBFFC662-2F2A-48B2-97BF-D58EE0867847}"
EndProject
Global
	GlobalSection(SolutionConfigurationPlatforms) = preSolution
		Debug|Any CPU = Debug|Any CPU
		Release|Any CPU = Release|Any CPU
	EndGlobalSection
	GlobalSection(ProjectConfigurationPlatforms) = postSolution
		{EBFFC662-2F2A-48B2-97BF-D58EE0867847}.Debug|Any CPU.ActiveCfg = Debug|Any CPU
		{EBFFC662-2F2A-48B2-97BF-D58EE0867847}.Debug|Any CPU.Build.0 = Debug|Any CPU
		{EBFFC662-2F2A-48B2-97BF-D58EE0867847}.Release|Any CPU.ActiveCfg = Release|Any CPU
		{EBFFC662-2F2A-48B2-97BF-D58EE0867847}.Release|Any CPU.Build.0 = Release|Any CPU
	EndGlobalSection
	GlobalSection(SolutionProperties) = preSolution
		HideSolutionNode = FALSE
	EndGlobalSection
	GlobalSection(ExtensibilityGlobals) = postSolution
		SolutionGuid = {937A1E90-70D1-46CC-BE0F-9B8A3FB5FB51}
	EndGlobalSection
EndGlobal
